<?xml version="1.0" encoding="utf-8"?>
<Project ToolsVersion="4.0" xmlns="http://schemas.microsoft.com/developer/msbuild/2003">
  <ItemGroup>
    <Filter Include="Source Files">
      <UniqueIdentifier>{4FC737F1-C7A5-4376-A066-2A32D752A2FF}</UniqueIdentifier>
      <Extensions>cpp;c;cc;cxx;def;odl;idl;hpj;bat;asm;asmx</Extensions>
    </Filter>
    <Filter Include="Resource Files">
      <UniqueIdentifier>{D9D6E242-F8AF-46E4-B9FD-80ECBC20BA3E}</UniqueIdentifier>
      <Extensions>qrc;*</Extensions>
      <ParseFiles>false</ParseFiles>
    </Filter>
    <Filter Include="Resource Files">
      <UniqueIdentifier>{D9D6E242-F8AF-46E4-B9FD-80ECBC20BA3E}</UniqueIdentifier>
      <Extensions>qrc;*</Extensions>
      <ParseFiles>false</ParseFiles>
    </Filter>
    <Filter Include="Generated Files">
      <UniqueIdentifier>{71ED8ED8-ACB9-4CE9-BBE1-E00B30144E11}</UniqueIdentifier>
      <Extensions>moc;h;cpp</Extensions>
      <SourceControlFiles>False</SourceControlFiles>
    </Filter>
    <Filter Include="Generated Files\Debug">
      <UniqueIdentifier>{7fe5a77e-d5e4-434e-a1df-e59a04e74eef}</UniqueIdentifier>
      <Extensions>cpp;moc</Extensions>
      <SourceControlFiles>False</SourceControlFiles>
    </Filter>
    <Filter Include="Generated Files\Release">
      <UniqueIdentifier>{3065894c-fe9a-4f33-be93-8b5220aefedd}</UniqueIdentifier>
      <Extensions>cpp;moc</Extensions>
      <SourceControlFiles>False</SourceControlFiles>
    </Filter>
    <Filter Include="controller">
      <UniqueIdentifier>{0e8c7662-41e8-4d59-9d68-052cae0ae99d}</UniqueIdentifier>
    </Filter>
    <Filter Include="model">
      <UniqueIdentifier>{61e7015a-2dec-4b17-8dd2-72949d6ccd5e}</UniqueIdentifier>
    </Filter>
    <Filter Include="view">
      <UniqueIdentifier>{7eae3df3-e5bb-4e6c-a9f0-cfda96804fea}</UniqueIdentifier>
    </Filter>
    <Filter Include="ui">
      <UniqueIdentifier>{8b260fce-ab20-415a-9ab1-46519f4c94e6}</UniqueIdentifier>
    </Filter>
    <Filter Include="ui\widgets">
      <UniqueIdentifier>{fff2c4b6-ea5b-44db-be35-f596f068bd41}</UniqueIdentifier>
    </Filter>
    <Filter Include="ui\manager">
      <UniqueIdentifier>{62569a97-086d-48d6-b383-04a652d80879}</UniqueIdentifier>
    </Filter>
  </ItemGroup>
  <ItemGroup>
    <ClCompile Include="main.cpp">
      <Filter>Source Files</Filter>
    </ClCompile>
    <ClCompile Include="ScreenCaptureDemoBeta.cpp">
      <Filter>Source Files</Filter>
    </ClCompile>
    <ClCompile Include="GeneratedFiles\Debug\moc_ScreenCaptureDemoBeta.cpp">
      <Filter>Generated Files\Debug</Filter>
    </ClCompile>
    <ClCompile Include="GeneratedFiles\Release\moc_ScreenCaptureDemoBeta.cpp">
      <Filter>Generated Files\Release</Filter>
    </ClCompile>
    <ClCompile Include="GeneratedFiles\qrc_ScreenCaptureDemoBeta.cpp">
      <Filter>Generated Files</Filter>
    </ClCompile>
    <ClCompile Include="ui\widgets\ZegoButton.cpp">
      <Filter>ui\widgets</Filter>
    </ClCompile>
    <ClCompile Include="ui\widgets\ZegoCheckBox.cpp">
      <Filter>ui\widgets</Filter>
    </ClCompile>
    <ClCompile Include="ui\widgets\ZegoComboBox.cpp">
      <Filter>ui\widgets</Filter>
    </ClCompile>
    <ClCompile Include="ui\widgets\ZegoGroupBox.cpp">
      <Filter>ui\widgets</Filter>
    </ClCompile>
    <ClCompile Include="ui\widgets\ZegoLabel.cpp">
      <Filter>ui\widgets</Filter>
    </ClCompile>
    <ClCompile Include="ui\widgets\ZegoLineEdit.cpp">
      <Filter>ui\widgets</Filter>
    </ClCompile>
    <ClCompile Include="ui\widgets\ZegoRadioButton.cpp">
      <Filter>ui\widgets</Filter>
    </ClCompile>
    <ClCompile Include="ui\widgets\ZegoStatusBar.cpp">
      <Filter>ui\widgets</Filter>
    </ClCompile>
    <ClCompile Include="ui\widgets\ZegoTextBrowser.cpp">
      <Filter>ui\widgets</Filter>
    </ClCompile>
    <ClCompile Include="ui\widgets\ZegoToolBar.cpp">
      <Filter>ui\widgets</Filter>
    </ClCompile>
    <ClCompile Include="ui\manager\ZegoUiManager.cpp">
      <Filter>ui\manager</Filter>
    </ClCompile>
    <ClCompile Include="GeneratedFiles\Debug\moc_ZegoButton.cpp">
      <Filter>Generated Files\Debug</Filter>
    </ClCompile>
    <ClCompile Include="GeneratedFiles\Release\moc_ZegoButton.cpp">
      <Filter>Generated Files\Release</Filter>
    </ClCompile>
    <ClCompile Include="GeneratedFiles\Debug\moc_ZegoGroupBox.cpp">
      <Filter>Generated Files\Debug</Filter>
    </ClCompile>
    <ClCompile Include="GeneratedFiles\Release\moc_ZegoGroupBox.cpp">
      <Filter>Generated Files\Release</Filter>
    </ClCompile>
  </ItemGroup>
  <ItemGroup>
    <CustomBuild Include="ScreenCaptureDemoBeta.qrc">
      <Filter>Resource Files</Filter>
    </CustomBuild>
    <CustomBuild Include="ScreenCaptureDemoBeta.h">
      <Filter>Source Files</Filter>
    </CustomBuild>
    <CustomBuild Include="ui\widgets\ZegoButton.h">
      <Filter>ui\widgets</Filter>
    </CustomBuild>
    <CustomBuild Include="ui\widgets\ZegoGroupBox.h">
      <Filter>ui\widgets</Filter>
    </CustomBuild>
  </ItemGroup>
  <ItemGroup>
    <ClInclude Include="ui\widgets\ZegoCheckBox.h">
      <Filter>ui\widgets</Filter>
    </ClInclude>
    <ClInclude Include="ui\widgets\ZegoComboBox.h">
      <Filter>ui\widgets</Filter>
    </ClInclude>
    <ClInclude Include="ui\widgets\ZegoLabel.h">
      <Filter>ui\widgets</Filter>
    </ClInclude>
    <ClInclude Include="ui\widgets\ZegoLineEdit.h">
      <Filter>ui\widgets</Filter>
    </ClInclude>
    <ClInclude Include="ui\widgets\ZegoRadioButton.h">
      <Filter>ui\widgets</Filter>
    </ClInclude>
    <ClInclude Include="ui\widgets\ZegoStatusBar.h">
      <Filter>ui\widgets</Filter>
    </ClInclude>
    <ClInclude Include="ui\widgets\ZegoTextBrowser.h">
      <Filter>ui\widgets</Filter>
    </ClInclude>
    <ClInclude Include="ui\widgets\ZegoToolBar.h">
      <Filter>ui\widgets</Filter>
    </ClInclude>
    <ClInclude Include="ui\manager\ZegoUiManager.h">
      <Filter>ui\manager</Filter>
    </ClInclude>
  </ItemGroup>
</Project>